
Microsoft Visual Studio Solution File, Format Version 12.00
# Visual Studio Version 16
VisualStudioVersion = 16.0.31005.135
MinimumVisualStudioVersion = 10.0.40219.1
Project("{9A19103F-16F7-4668-BE54-9A1E7A4F7556}") = "Valuator", "Valuator.csproj", "{CDA777E1-A93D-4B01-86D4-D21916D14D38}"
EndProject
Project("{9A19103F-16F7-4668-BE54-9A1E7A4F7556}") = "Library", "..\Library\Library\Library.csproj", "{AC3C6250-98F0-4805-A1D4-C97F630C9868}"
EndProject
Global
	GlobalSection(SolutionConfigurationPlatforms) = preSolution
		Debug|Any CPU = Debug|Any CPU
		Release|Any CPU = Release|Any CPU
	EndGlobalSection
	GlobalSection(ProjectConfigurationPlatforms) = postSolution
		{CDA777E1-A93D-4B01-86D4-D21916D14D38}.Debug|Any CPU.ActiveCfg = Debug|Any CPU
		{CDA777E1-A93D-4B01-86D4-D21916D14D38}.Debug|Any CPU.Build.0 = Debug|Any CPU
		{CDA777E1-A93D-4B01-86D4-D21916D14D38}.Release|Any CPU.ActiveCfg = Release|Any CPU
		{CDA777E1-A93D-4B01-86D4-D21916D14D38}.Release|Any CPU.Build.0 = Release|Any CPU
		{AC3C6250-98F0-4805-A1D4-C97F630C9868}.Debug|Any CPU.ActiveCfg = Debug|Any CPU
		{AC3C6250-98F0-4805-A1D4-C97F630C9868}.Debug|Any CPU.Build.0 = Debug|Any CPU
		{AC3C6250-98F0-4805-A1D4-C97F630C9868}.Release|Any CPU.ActiveCfg = Release|Any CPU
		{AC3C6250-98F0-4805-A1D4-C97F630C9868}.Release|Any CPU.Build.0 = Release|Any CPU
	EndGlobalSection
	GlobalSection(SolutionProperties) = preSolution
		HideSolutionNode = FALSE
	EndGlobalSection
	GlobalSection(ExtensibilityGlobals) = postSolution
		SolutionGuid = {5CF113FD-9EAD-4C60-A49A-B499BFC7CFB1}
	EndGlobalSection
EndGlobal
