
Microsoft Visual Studio Solution File, Format Version 12.00
# Visual Studio Version 16
VisualStudioVersion = 16.0.31005.135
MinimumVisualStudioVersion = 10.0.40219.1
Project("{9A19103F-16F7-4668-BE54-9A1E7A4F7556}") = "RankCalculator", "RankCalculator.csproj", "{636C1BFC-D336-4E70-BEAF-8726734DC9DD}"
EndProject
Project("{9A19103F-16F7-4668-BE54-9A1E7A4F7556}") = "Library", "..\Library\Library\Library.csproj", "{17205A67-89C4-4290-A4FF-A610DA9F1D76}"
EndProject
Global
	GlobalSection(SolutionConfigurationPlatforms) = preSolution
		Debug|Any CPU = Debug|Any CPU
		Release|Any CPU = Release|Any CPU
	EndGlobalSection
	GlobalSection(ProjectConfigurationPlatforms) = postSolution
		{636C1BFC-D336-4E70-BEAF-8726734DC9DD}.Debug|Any CPU.ActiveCfg = Debug|Any CPU
		{636C1BFC-D336-4E70-BEAF-8726734DC9DD}.Debug|Any CPU.Build.0 = Debug|Any CPU
		{636C1BFC-D336-4E70-BEAF-8726734DC9DD}.Release|Any CPU.ActiveCfg = Release|Any CPU
		{636C1BFC-D336-4E70-BEAF-8726734DC9DD}.Release|Any CPU.Build.0 = Release|Any CPU
		{17205A67-89C4-4290-A4FF-A610DA9F1D76}.Debug|Any CPU.ActiveCfg = Debug|Any CPU
		{17205A67-89C4-4290-A4FF-A610DA9F1D76}.Debug|Any CPU.Build.0 = Debug|Any CPU
		{17205A67-89C4-4290-A4FF-A610DA9F1D76}.Release|Any CPU.ActiveCfg = Release|Any CPU
		{17205A67-89C4-4290-A4FF-A610DA9F1D76}.Release|Any CPU.Build.0 = Release|Any CPU
	EndGlobalSection
	GlobalSection(SolutionProperties) = preSolution
		HideSolutionNode = FALSE
	EndGlobalSection
	GlobalSection(ExtensibilityGlobals) = postSolution
		SolutionGuid = {35588D98-E063-4D15-A24F-0C8696E63191}
	EndGlobalSection
EndGlobal
